
Microsoft Visual Studio Solution File, Format Version 12.00
# Visual Studio Version 16
VisualStudioVersion = 16.0.33801.447
MinimumVisualStudioVersion = 10.0.40219.1
Project("{FAE04EC0-301F-11D3-BF4B-00C04F79EFBC}") = "PRUEBA", "PRUEBA\PRUEBA.csproj", "{0460C2EC-261B-4A64-B8AC-35A30DB4F518}"
EndProject
Global
	GlobalSection(SolutionConfigurationPlatforms) = preSolution
		Debug|Any CPU = Debug|Any CPU
		Release|Any CPU = Release|Any CPU
	EndGlobalSection
	GlobalSection(ProjectConfigurationPlatforms) = postSolution
		{0460C2EC-261B-4A64-B8AC-35A30DB4F518}.Debug|Any CPU.ActiveCfg = Debug|Any CPU
		{0460C2EC-261B-4A64-B8AC-35A30DB4F518}.Debug|Any CPU.Build.0 = Debug|Any CPU
		{0460C2EC-261B-4A64-B8AC-35A30DB4F518}.Release|Any CPU.ActiveCfg = Release|Any CPU
		{0460C2EC-261B-4A64-B8AC-35A30DB4F518}.Release|Any CPU.Build.0 = Release|Any CPU
	EndGlobalSection
	GlobalSection(SolutionProperties) = preSolution
		HideSolutionNode = FALSE
	EndGlobalSection
	GlobalSection(ExtensibilityGlobals) = postSolution
		SolutionGuid = {5D65E39D-0DCA-44B0-830B-794A8CA2DBD8}
	EndGlobalSection
EndGlobal
